
Microsoft Visual Studio Solution File, Format Version 12.00
# Visual Studio Version 16
VisualStudioVersion = 16.0.30128.74
MinimumVisualStudioVersion = 10.0.40219.1
Project("{9A19103F-16F7-4668-BE54-9A1E7A4F7556}") = "CloudCommerceGroup.Converter", "CloudCommerceGroup.Converter\CloudCommerceGroup.Converter.csproj", "{912E7297-E745-44B3-AA6B-3D18BD3CA29A}"
EndProject
Project("{FAE04EC0-301F-11D3-BF4B-00C04F79EFBC}") = "CloudCommerceGroup.Converter.Test", "CloudCommerceGroup.Converter.Test\CloudCommerceGroup.Converter.Test.csproj", "{EE37178E-CD1E-462A-82CC-950DB0A3DDE4}"
EndProject
Global
	GlobalSection(SolutionConfigurationPlatforms) = preSolution
		Debug|Any CPU = Debug|Any CPU
		Release|Any CPU = Release|Any CPU
	EndGlobalSection
	GlobalSection(ProjectConfigurationPlatforms) = postSolution
		{912E7297-E745-44B3-AA6B-3D18BD3CA29A}.Debug|Any CPU.ActiveCfg = Debug|Any CPU
		{912E7297-E745-44B3-AA6B-3D18BD3CA29A}.Debug|Any CPU.Build.0 = Debug|Any CPU
		{912E7297-E745-44B3-AA6B-3D18BD3CA29A}.Release|Any CPU.ActiveCfg = Release|Any CPU
		{912E7297-E745-44B3-AA6B-3D18BD3CA29A}.Release|Any CPU.Build.0 = Release|Any CPU
		{EE37178E-CD1E-462A-82CC-950DB0A3DDE4}.Debug|Any CPU.ActiveCfg = Debug|Any CPU
		{EE37178E-CD1E-462A-82CC-950DB0A3DDE4}.Debug|Any CPU.Build.0 = Debug|Any CPU
		{EE37178E-CD1E-462A-82CC-950DB0A3DDE4}.Release|Any CPU.ActiveCfg = Release|Any CPU
		{EE37178E-CD1E-462A-82CC-950DB0A3DDE4}.Release|Any CPU.Build.0 = Release|Any CPU
	EndGlobalSection
	GlobalSection(SolutionProperties) = preSolution
		HideSolutionNode = FALSE
	EndGlobalSection
	GlobalSection(ExtensibilityGlobals) = postSolution
		SolutionGuid = {C06C7570-D8AF-42D5-B725-48FF700ACF52}
	EndGlobalSection
EndGlobal
