
Microsoft Visual Studio Solution File, Format Version 12.00
# Visual Studio Version 16
VisualStudioVersion = 16.0.30128.74
MinimumVisualStudioVersion = 10.0.40219.1
Project("{9A19103F-16F7-4668-BE54-9A1E7A4F7556}") = "FileConverter", "FileConverter\FileConverter.csproj", "{AD324904-E61B-4406-BF6B-F0637E131FC9}"
EndProject
Project("{9A19103F-16F7-4668-BE54-9A1E7A4F7556}") = "FileConverter.Test", "FileConverter.Test\FileConverter.Test.csproj", "{9DEEDE49-89FC-4889-9D58-1F2D066C0325}"
EndProject
Global
	GlobalSection(SolutionConfigurationPlatforms) = preSolution
		Debug|Any CPU = Debug|Any CPU
		Release|Any CPU = Release|Any CPU
	EndGlobalSection
	GlobalSection(ProjectConfigurationPlatforms) = postSolution
		{AD324904-E61B-4406-BF6B-F0637E131FC9}.Debug|Any CPU.ActiveCfg = Debug|Any CPU
		{AD324904-E61B-4406-BF6B-F0637E131FC9}.Debug|Any CPU.Build.0 = Debug|Any CPU
		{AD324904-E61B-4406-BF6B-F0637E131FC9}.Release|Any CPU.ActiveCfg = Release|Any CPU
		{AD324904-E61B-4406-BF6B-F0637E131FC9}.Release|Any CPU.Build.0 = Release|Any CPU
		{9DEEDE49-89FC-4889-9D58-1F2D066C0325}.Debug|Any CPU.ActiveCfg = Debug|Any CPU
		{9DEEDE49-89FC-4889-9D58-1F2D066C0325}.Debug|Any CPU.Build.0 = Debug|Any CPU
		{9DEEDE49-89FC-4889-9D58-1F2D066C0325}.Release|Any CPU.ActiveCfg = Release|Any CPU
		{9DEEDE49-89FC-4889-9D58-1F2D066C0325}.Release|Any CPU.Build.0 = Release|Any CPU
	EndGlobalSection
	GlobalSection(SolutionProperties) = preSolution
		HideSolutionNode = FALSE
	EndGlobalSection
	GlobalSection(ExtensibilityGlobals) = postSolution
		SolutionGuid = {C06C7570-D8AF-42D5-B725-48FF700ACF52}
	EndGlobalSection
EndGlobal
